
Microsoft Visual Studio Solution File, Format Version 12.00
# Visual Studio Version 17
VisualStudioVersion = 17.3.32825.248
MinimumVisualStudioVersion = 10.0.40219.1
Project("{FAE04EC0-301F-11D3-BF4B-00C04F79EFBC}") = "Devagram", "Devagram\Devagram.csproj", "{1062717F-6A0D-40A9-957C-09E3446CB038}"
EndProject
Global
	GlobalSection(SolutionConfigurationPlatforms) = preSolution
		Debug|Any CPU = Debug|Any CPU
		Release|Any CPU = Release|Any CPU
	EndGlobalSection
	GlobalSection(ProjectConfigurationPlatforms) = postSolution
		{1062717F-6A0D-40A9-957C-09E3446CB038}.Debug|Any CPU.ActiveCfg = Debug|Any CPU
		{1062717F-6A0D-40A9-957C-09E3446CB038}.Debug|Any CPU.Build.0 = Debug|Any CPU
		{1062717F-6A0D-40A9-957C-09E3446CB038}.Release|Any CPU.ActiveCfg = Release|Any CPU
		{1062717F-6A0D-40A9-957C-09E3446CB038}.Release|Any CPU.Build.0 = Release|Any CPU
	EndGlobalSection
	GlobalSection(SolutionProperties) = preSolution
		HideSolutionNode = FALSE
	EndGlobalSection
	GlobalSection(ExtensibilityGlobals) = postSolution
		SolutionGuid = {B3613F12-FA4A-40DC-B153-828B2EC380EE}
	EndGlobalSection
EndGlobal
